
Microsoft Visual Studio Solution File, Format Version 12.00
# Visual Studio 15
VisualStudioVersion = 15.0.27130.0
MinimumVisualStudioVersion = 10.0.40219.1
Project("{FAE04EC0-301F-11D3-BF4B-00C04F79EFBC}") = "BlueChip", "BlueChip\BlueChip.csproj", "{BEC94F8E-DD85-4D67-B4B2-03AC3612052C}"
EndProject
Project("{FAE04EC0-301F-11D3-BF4B-00C04F79EFBC}") = "BlueChip.Tests", "BlueChip.Tests\BlueChip.Tests.csproj", "{B8E4036D-5890-4CDA-9E21-11E04CB4DE5E}"
EndProject
Global
	GlobalSection(SolutionConfigurationPlatforms) = preSolution
		Debug|Any CPU = Debug|Any CPU
		Release|Any CPU = Release|Any CPU
	EndGlobalSection
	GlobalSection(ProjectConfigurationPlatforms) = postSolution
		{BEC94F8E-DD85-4D67-B4B2-03AC3612052C}.Debug|Any CPU.ActiveCfg = Debug|Any CPU
		{BEC94F8E-DD85-4D67-B4B2-03AC3612052C}.Debug|Any CPU.Build.0 = Debug|Any CPU
		{BEC94F8E-DD85-4D67-B4B2-03AC3612052C}.Release|Any CPU.ActiveCfg = Release|Any CPU
		{BEC94F8E-DD85-4D67-B4B2-03AC3612052C}.Release|Any CPU.Build.0 = Release|Any CPU
		{B8E4036D-5890-4CDA-9E21-11E04CB4DE5E}.Debug|Any CPU.ActiveCfg = Debug|Any CPU
		{B8E4036D-5890-4CDA-9E21-11E04CB4DE5E}.Debug|Any CPU.Build.0 = Debug|Any CPU
		{B8E4036D-5890-4CDA-9E21-11E04CB4DE5E}.Release|Any CPU.ActiveCfg = Release|Any CPU
		{B8E4036D-5890-4CDA-9E21-11E04CB4DE5E}.Release|Any CPU.Build.0 = Release|Any CPU
	EndGlobalSection
	GlobalSection(SolutionProperties) = preSolution
		HideSolutionNode = FALSE
	EndGlobalSection
	GlobalSection(ExtensibilityGlobals) = postSolution
		SolutionGuid = {B9C09379-E3BE-4392-B318-8C529E6EFB0E}
	EndGlobalSection
EndGlobal
